
Microsoft Visual Studio Solution File, Format Version 12.00
# Visual Studio Version 16
VisualStudioVersion = 16.0.29613.14
MinimumVisualStudioVersion = 10.0.40219.1
Project("{9A19103F-16F7-4668-BE54-9A1E7A4F7556}") = "CDF.Net", "CDF.Net\CDF.Net.csproj", "{A0934E51-7E6E-4603-9A2A-F59BB9ED5F46}"
EndProject
Project("{9A19103F-16F7-4668-BE54-9A1E7A4F7556}") = "CDF.Net.Core.ASPNet", "CDF.Net.Core.ASPNet\CDF.Net.Core.ASPNet.csproj", "{A613CD74-5F12-4C81-883B-121E2E5F68B5}"
EndProject
Project("{9A19103F-16F7-4668-BE54-9A1E7A4F7556}") = "CDF.Net.Core.ASPNet.Serilog", "CDF.Net.Core.ASPNet.Serilog\CDF.Net.Core.ASPNet.Serilog.csproj", "{0BC2689E-CF75-4C0D-B936-43023AF3409F}"
EndProject
Global
	GlobalSection(SolutionConfigurationPlatforms) = preSolution
		Debug|Any CPU = Debug|Any CPU
		Release|Any CPU = Release|Any CPU
	EndGlobalSection
	GlobalSection(ProjectConfigurationPlatforms) = postSolution
		{A0934E51-7E6E-4603-9A2A-F59BB9ED5F46}.Debug|Any CPU.ActiveCfg = Debug|Any CPU
		{A0934E51-7E6E-4603-9A2A-F59BB9ED5F46}.Debug|Any CPU.Build.0 = Debug|Any CPU
		{A0934E51-7E6E-4603-9A2A-F59BB9ED5F46}.Release|Any CPU.ActiveCfg = Release|Any CPU
		{A0934E51-7E6E-4603-9A2A-F59BB9ED5F46}.Release|Any CPU.Build.0 = Release|Any CPU
		{A613CD74-5F12-4C81-883B-121E2E5F68B5}.Debug|Any CPU.ActiveCfg = Debug|Any CPU
		{A613CD74-5F12-4C81-883B-121E2E5F68B5}.Debug|Any CPU.Build.0 = Debug|Any CPU
		{A613CD74-5F12-4C81-883B-121E2E5F68B5}.Release|Any CPU.ActiveCfg = Release|Any CPU
		{A613CD74-5F12-4C81-883B-121E2E5F68B5}.Release|Any CPU.Build.0 = Release|Any CPU
		{0BC2689E-CF75-4C0D-B936-43023AF3409F}.Debug|Any CPU.ActiveCfg = Debug|Any CPU
		{0BC2689E-CF75-4C0D-B936-43023AF3409F}.Debug|Any CPU.Build.0 = Debug|Any CPU
		{0BC2689E-CF75-4C0D-B936-43023AF3409F}.Release|Any CPU.ActiveCfg = Release|Any CPU
		{0BC2689E-CF75-4C0D-B936-43023AF3409F}.Release|Any CPU.Build.0 = Release|Any CPU
	EndGlobalSection
	GlobalSection(SolutionProperties) = preSolution
		HideSolutionNode = FALSE
	EndGlobalSection
	GlobalSection(ExtensibilityGlobals) = postSolution
		SolutionGuid = {4154B8BE-2051-4E2B-A1C8-7C3BCE80562E}
	EndGlobalSection
EndGlobal
